
Microsoft Visual Studio Solution File, Format Version 12.00
Project("{2150E333-8FDC-42A3-9474-1A3956D46DE8}") = "src", "src", "{245B7C9B-D1CC-40E2-AAFE-480EED21F36E}"
EndProject
Project("{2150E333-8FDC-42A3-9474-1A3956D46DE8}") = "Building Blocks", "Building Blocks", "{46A10411-2FA5-499E-9310-2240C36A1E60}"
EndProject
Project("{2150E333-8FDC-42A3-9474-1A3956D46DE8}") = "Web", "Web", "{4C1FCA27-C9C4-4728-BEF5-E65D353132CF}"
EndProject
Project("{2150E333-8FDC-42A3-9474-1A3956D46DE8}") = "Services", "Services", "{2F602E66-AE2F-447B-8821-B32856AD3911}"
EndProject
Project("{2150E333-8FDC-42A3-9474-1A3956D46DE8}") = "Identidade", "Identidade", "{1B91F13B-704E-40A6-8B0C-362311EC69F7}"
EndProject
Project("{FAE04EC0-301F-11D3-BF4B-00C04F79EFBC}") = "LV.Identidade.API", "src\services\LV.Identidade.API\LV.Identidade.API.csproj", "{C180D75D-EB73-4634-AF58-B1DEB6864395}"
EndProject
Project("{2150E333-8FDC-42A3-9474-1A3956D46DE8}") = "MVC", "MVC", "{2FAD5D64-215B-47C7-BD5E-17BA7384CA19}"
EndProject
Project("{FAE04EC0-301F-11D3-BF4B-00C04F79EFBC}") = "LV.WebApp.MVC", "src\web\LV.WebApp.MVC\LV.WebApp.MVC.csproj", "{52D0ADEF-736A-41DD-85CF-1E8D75B9CC45}"
EndProject
Project("{2150E333-8FDC-42A3-9474-1A3956D46DE8}") = "Core", "Core", "{E98A6209-DED1-453B-8BA2-6AF178E6EEC3}"
EndProject
Project("{FAE04EC0-301F-11D3-BF4B-00C04F79EFBC}") = "LV.Core", "src\building blocks\LV.Core\LV.Core.csproj", "{9FEE4A4C-97DA-4274-BF1C-61D836A139C0}"
EndProject
Project("{2150E333-8FDC-42A3-9474-1A3956D46DE8}") = "Carrinho", "Carrinho", "{F0466F5E-2E09-4925-A856-72511CE6B476}"
EndProject
Project("{FAE04EC0-301F-11D3-BF4B-00C04F79EFBC}") = "LV.Carrinho.API", "src\services\LV.Carrinho.API\LV.Carrinho.API.csproj", "{AB089AB5-0F19-481A-8756-B6AA904E037B}"
EndProject
Project("{2150E333-8FDC-42A3-9474-1A3956D46DE8}") = "Catalogo", "Catalogo", "{F4F41EA0-A1C7-4571-8065-8759278639D9}"
EndProject
Project("{FAE04EC0-301F-11D3-BF4B-00C04F79EFBC}") = "LV.Catalogo.API", "src\services\LV.Catalogo.API\LV.Catalogo.API.csproj", "{571D6D86-E46E-4F78-8CA6-87079E802415}"
EndProject
Project("{2150E333-8FDC-42A3-9474-1A3956D46DE8}") = "Cliente", "Cliente", "{2A0A11DD-1F71-46EF-A0EA-FB3F18FBBACE}"
EndProject
Project("{FAE04EC0-301F-11D3-BF4B-00C04F79EFBC}") = "LV.Cliente.API", "src\services\LV.Cliente.API\LV.Cliente.API.csproj", "{CBD3566F-E246-425D-B506-718BB33D95E2}"
EndProject
Project("{2150E333-8FDC-42A3-9474-1A3956D46DE8}") = "Pagamento", "Pagamento", "{62C96104-D78C-4FF2-A91E-6429208CF8F9}"
EndProject
Project("{FAE04EC0-301F-11D3-BF4B-00C04F79EFBC}") = "LV.Pagamento.API", "src\services\LV.Pagamento.API\LV.Pagamento.API.csproj", "{1D5DAC0A-B22B-4D04-9F42-5C059B24838D}"
EndProject
Project("{2150E333-8FDC-42A3-9474-1A3956D46DE8}") = "Pedido", "Pedido", "{8339794A-C0CD-4239-A915-9BCAE47EB69A}"
EndProject
Project("{FAE04EC0-301F-11D3-BF4B-00C04F79EFBC}") = "LV.Pedido.API", "src\services\LV.Pedido.API\LV.Pedido.API.csproj", "{231DFAB3-67EA-4DBF-8047-BB1132AF0488}"
EndProject
Global
	GlobalSection(SolutionConfigurationPlatforms) = preSolution
		Debug|Any CPU = Debug|Any CPU
		Release|Any CPU = Release|Any CPU
	EndGlobalSection
	GlobalSection(NestedProjects) = preSolution
		{46A10411-2FA5-499E-9310-2240C36A1E60} = {245B7C9B-D1CC-40E2-AAFE-480EED21F36E}
		{4C1FCA27-C9C4-4728-BEF5-E65D353132CF} = {245B7C9B-D1CC-40E2-AAFE-480EED21F36E}
		{2F602E66-AE2F-447B-8821-B32856AD3911} = {245B7C9B-D1CC-40E2-AAFE-480EED21F36E}
		{1B91F13B-704E-40A6-8B0C-362311EC69F7} = {2F602E66-AE2F-447B-8821-B32856AD3911}
		{C180D75D-EB73-4634-AF58-B1DEB6864395} = {1B91F13B-704E-40A6-8B0C-362311EC69F7}
		{2FAD5D64-215B-47C7-BD5E-17BA7384CA19} = {4C1FCA27-C9C4-4728-BEF5-E65D353132CF}
		{52D0ADEF-736A-41DD-85CF-1E8D75B9CC45} = {2FAD5D64-215B-47C7-BD5E-17BA7384CA19}
		{E98A6209-DED1-453B-8BA2-6AF178E6EEC3} = {46A10411-2FA5-499E-9310-2240C36A1E60}
		{9FEE4A4C-97DA-4274-BF1C-61D836A139C0} = {E98A6209-DED1-453B-8BA2-6AF178E6EEC3}
		{F0466F5E-2E09-4925-A856-72511CE6B476} = {2F602E66-AE2F-447B-8821-B32856AD3911}
		{AB089AB5-0F19-481A-8756-B6AA904E037B} = {F0466F5E-2E09-4925-A856-72511CE6B476}
		{F4F41EA0-A1C7-4571-8065-8759278639D9} = {2F602E66-AE2F-447B-8821-B32856AD3911}
		{571D6D86-E46E-4F78-8CA6-87079E802415} = {F4F41EA0-A1C7-4571-8065-8759278639D9}
		{2A0A11DD-1F71-46EF-A0EA-FB3F18FBBACE} = {2F602E66-AE2F-447B-8821-B32856AD3911}
		{CBD3566F-E246-425D-B506-718BB33D95E2} = {2A0A11DD-1F71-46EF-A0EA-FB3F18FBBACE}
		{62C96104-D78C-4FF2-A91E-6429208CF8F9} = {2F602E66-AE2F-447B-8821-B32856AD3911}
		{1D5DAC0A-B22B-4D04-9F42-5C059B24838D} = {62C96104-D78C-4FF2-A91E-6429208CF8F9}
		{8339794A-C0CD-4239-A915-9BCAE47EB69A} = {2F602E66-AE2F-447B-8821-B32856AD3911}
		{231DFAB3-67EA-4DBF-8047-BB1132AF0488} = {8339794A-C0CD-4239-A915-9BCAE47EB69A}
	EndGlobalSection
	GlobalSection(ProjectConfigurationPlatforms) = postSolution
		{C180D75D-EB73-4634-AF58-B1DEB6864395}.Debug|Any CPU.ActiveCfg = Debug|Any CPU
		{C180D75D-EB73-4634-AF58-B1DEB6864395}.Debug|Any CPU.Build.0 = Debug|Any CPU
		{C180D75D-EB73-4634-AF58-B1DEB6864395}.Release|Any CPU.ActiveCfg = Release|Any CPU
		{C180D75D-EB73-4634-AF58-B1DEB6864395}.Release|Any CPU.Build.0 = Release|Any CPU
		{52D0ADEF-736A-41DD-85CF-1E8D75B9CC45}.Debug|Any CPU.ActiveCfg = Debug|Any CPU
		{52D0ADEF-736A-41DD-85CF-1E8D75B9CC45}.Debug|Any CPU.Build.0 = Debug|Any CPU
		{52D0ADEF-736A-41DD-85CF-1E8D75B9CC45}.Release|Any CPU.ActiveCfg = Release|Any CPU
		{52D0ADEF-736A-41DD-85CF-1E8D75B9CC45}.Release|Any CPU.Build.0 = Release|Any CPU
		{9FEE4A4C-97DA-4274-BF1C-61D836A139C0}.Debug|Any CPU.ActiveCfg = Debug|Any CPU
		{9FEE4A4C-97DA-4274-BF1C-61D836A139C0}.Debug|Any CPU.Build.0 = Debug|Any CPU
		{9FEE4A4C-97DA-4274-BF1C-61D836A139C0}.Release|Any CPU.ActiveCfg = Release|Any CPU
		{9FEE4A4C-97DA-4274-BF1C-61D836A139C0}.Release|Any CPU.Build.0 = Release|Any CPU
		{AB089AB5-0F19-481A-8756-B6AA904E037B}.Debug|Any CPU.ActiveCfg = Debug|Any CPU
		{AB089AB5-0F19-481A-8756-B6AA904E037B}.Debug|Any CPU.Build.0 = Debug|Any CPU
		{AB089AB5-0F19-481A-8756-B6AA904E037B}.Release|Any CPU.ActiveCfg = Release|Any CPU
		{AB089AB5-0F19-481A-8756-B6AA904E037B}.Release|Any CPU.Build.0 = Release|Any CPU
		{571D6D86-E46E-4F78-8CA6-87079E802415}.Debug|Any CPU.ActiveCfg = Debug|Any CPU
		{571D6D86-E46E-4F78-8CA6-87079E802415}.Debug|Any CPU.Build.0 = Debug|Any CPU
		{571D6D86-E46E-4F78-8CA6-87079E802415}.Release|Any CPU.ActiveCfg = Release|Any CPU
		{571D6D86-E46E-4F78-8CA6-87079E802415}.Release|Any CPU.Build.0 = Release|Any CPU
		{CBD3566F-E246-425D-B506-718BB33D95E2}.Debug|Any CPU.ActiveCfg = Debug|Any CPU
		{CBD3566F-E246-425D-B506-718BB33D95E2}.Debug|Any CPU.Build.0 = Debug|Any CPU
		{CBD3566F-E246-425D-B506-718BB33D95E2}.Release|Any CPU.ActiveCfg = Release|Any CPU
		{CBD3566F-E246-425D-B506-718BB33D95E2}.Release|Any CPU.Build.0 = Release|Any CPU
		{1D5DAC0A-B22B-4D04-9F42-5C059B24838D}.Debug|Any CPU.ActiveCfg = Debug|Any CPU
		{1D5DAC0A-B22B-4D04-9F42-5C059B24838D}.Debug|Any CPU.Build.0 = Debug|Any CPU
		{1D5DAC0A-B22B-4D04-9F42-5C059B24838D}.Release|Any CPU.ActiveCfg = Release|Any CPU
		{1D5DAC0A-B22B-4D04-9F42-5C059B24838D}.Release|Any CPU.Build.0 = Release|Any CPU
		{231DFAB3-67EA-4DBF-8047-BB1132AF0488}.Debug|Any CPU.ActiveCfg = Debug|Any CPU
		{231DFAB3-67EA-4DBF-8047-BB1132AF0488}.Debug|Any CPU.Build.0 = Debug|Any CPU
		{231DFAB3-67EA-4DBF-8047-BB1132AF0488}.Release|Any CPU.ActiveCfg = Release|Any CPU
		{231DFAB3-67EA-4DBF-8047-BB1132AF0488}.Release|Any CPU.Build.0 = Release|Any CPU
	EndGlobalSection
EndGlobal
